
Microsoft Visual Studio Solution File, Format Version 12.00
# Visual Studio Version 17
VisualStudioVersion = 17.14.36414.22
MinimumVisualStudioVersion = 10.0.40219.1
Project("{FAE04EC0-301F-11D3-BF4B-00C04F79EFBC}") = "UstaPlatform.Domain", "UstaPlatform.Domain\UstaPlatform.Domain.csproj", "{D34325B9-2839-4D51-9E5F-A21185EC3D94}"
EndProject
Project("{FAE04EC0-301F-11D3-BF4B-00C04F79EFBC}") = "UstaPlatform.Pricing", "UstaPlatform.Pricing\UstaPlatform.Pricing.csproj", "{0E91EA24-D297-4573-A26D-B24190C9B699}"
EndProject
Project("{FAE04EC0-301F-11D3-BF4B-00C04F79EFBC}") = "UstaPlatform.Infrastructure", "UstaPlatform.Infrastructure\UstaPlatform.Infrastructure.csproj", "{27E10826-A5DC-465B-AEAF-3AEDDEA42ECF}"
EndProject
Project("{FAE04EC0-301F-11D3-BF4B-00C04F79EFBC}") = "UstaPlatform.App", "UstaPlatform.App\UstaPlatform.App.csproj", "{9EC9F8F2-75A6-4A2D-83BA-B6DF46F6A2E0}"
EndProject
Project("{FAE04EC0-301F-11D3-BF4B-00C04F79EFBC}") = "Mahalle2", "Mahalle2\Mahalle2.csproj", "{6ED8BD6C-3D6C-43D8-A195-915FA995224A}"
EndProject
Global
	GlobalSection(SolutionConfigurationPlatforms) = preSolution
		Debug|Any CPU = Debug|Any CPU
		Release|Any CPU = Release|Any CPU
	EndGlobalSection
	GlobalSection(ProjectConfigurationPlatforms) = postSolution
		{D34325B9-2839-4D51-9E5F-A21185EC3D94}.Debug|Any CPU.ActiveCfg = Debug|Any CPU
		{D34325B9-2839-4D51-9E5F-A21185EC3D94}.Debug|Any CPU.Build.0 = Debug|Any CPU
		{D34325B9-2839-4D51-9E5F-A21185EC3D94}.Release|Any CPU.ActiveCfg = Release|Any CPU
		{D34325B9-2839-4D51-9E5F-A21185EC3D94}.Release|Any CPU.Build.0 = Release|Any CPU
		{0E91EA24-D297-4573-A26D-B24190C9B699}.Debug|Any CPU.ActiveCfg = Debug|Any CPU
		{0E91EA24-D297-4573-A26D-B24190C9B699}.Debug|Any CPU.Build.0 = Debug|Any CPU
		{0E91EA24-D297-4573-A26D-B24190C9B699}.Release|Any CPU.ActiveCfg = Release|Any CPU
		{0E91EA24-D297-4573-A26D-B24190C9B699}.Release|Any CPU.Build.0 = Release|Any CPU
		{27E10826-A5DC-465B-AEAF-3AEDDEA42ECF}.Debug|Any CPU.ActiveCfg = Debug|Any CPU
		{27E10826-A5DC-465B-AEAF-3AEDDEA42ECF}.Debug|Any CPU.Build.0 = Debug|Any CPU
		{27E10826-A5DC-465B-AEAF-3AEDDEA42ECF}.Release|Any CPU.ActiveCfg = Release|Any CPU
		{27E10826-A5DC-465B-AEAF-3AEDDEA42ECF}.Release|Any CPU.Build.0 = Release|Any CPU
		{9EC9F8F2-75A6-4A2D-83BA-B6DF46F6A2E0}.Debug|Any CPU.ActiveCfg = Debug|Any CPU
		{9EC9F8F2-75A6-4A2D-83BA-B6DF46F6A2E0}.Debug|Any CPU.Build.0 = Debug|Any CPU
		{9EC9F8F2-75A6-4A2D-83BA-B6DF46F6A2E0}.Release|Any CPU.ActiveCfg = Release|Any CPU
		{9EC9F8F2-75A6-4A2D-83BA-B6DF46F6A2E0}.Release|Any CPU.Build.0 = Release|Any CPU
		{6ED8BD6C-3D6C-43D8-A195-915FA995224A}.Debug|Any CPU.ActiveCfg = Debug|Any CPU
		{6ED8BD6C-3D6C-43D8-A195-915FA995224A}.Debug|Any CPU.Build.0 = Debug|Any CPU
		{6ED8BD6C-3D6C-43D8-A195-915FA995224A}.Release|Any CPU.ActiveCfg = Release|Any CPU
		{6ED8BD6C-3D6C-43D8-A195-915FA995224A}.Release|Any CPU.Build.0 = Release|Any CPU
	EndGlobalSection
	GlobalSection(SolutionProperties) = preSolution
		HideSolutionNode = FALSE
	EndGlobalSection
	GlobalSection(ExtensibilityGlobals) = postSolution
		SolutionGuid = {946D3522-28A3-4121-9F1C-9A18E925E452}
	EndGlobalSection
EndGlobal
